{
    "_readme": [
        "This file locks the dependencies of your project to a known state",
        "Read more about it at https://getcomposer.org/doc/01-basic-usage.md#installing-dependencies",
        "This file is @generated automatically"
    ],
    "content-hash": "5ea62b9af8911eed3f4df77151da0d90",
    "packages": [
        {
            "name": "phpmodern/bridge-adapter",
            "version": "dev-master",
            "dist": {
                "type": "path",
                "url": "../../packages/bridge/adapter",
                "reference": "9ab262a921c82f67eae729331df4fcb389b53ba0"
            },
            "require": {
                "php": "^8.2",
                "phpmodern/component-engine": "*"
            },
            "type": "library",
            "autoload": {
                "files": [
                    "src/mount.php",
                    "src/asset.php"
                ]
            },
            "license": [
                "MIT"
            ],
            "description": "Entry point for embedding phpmodern components into an existing PHP site — no router, no bootstrap, no DI container required.",
            "transport-options": {
                "relative": true
            }
        },
        {
            "name": "phpmodern/component-engine",
            "version": "dev-master",
            "dist": {
                "type": "path",
                "url": "../../packages/core/component-engine",
                "reference": "f3a76f772878850214aa3e802ba60d06a204208b"
            },
            "require": {
                "php": "^8.2"
            },
            "require-dev": {
                "phpunit/phpunit": "^10.5"
            },
            "type": "library",
            "autoload": {
                "psr-4": {
                    "PhpModern\\ComponentEngine\\": "src/"
                }
            },
            "autoload-dev": {
                "psr-4": {
                    "PhpModern\\ComponentEngine\\Tests\\": "tests/"
                }
            },
            "license": [
                "MIT"
            ],
            "description": "Server-rendered component base: typed props, lifecycle, render() — the React-equivalent core.",
            "transport-options": {
                "relative": true
            }
        },
        {
            "name": "phpmodern/config",
            "version": "dev-master",
            "dist": {
                "type": "path",
                "url": "../../packages/core/config",
                "reference": "1d38b27dc35b51dc5ac628ab0922bc08e4707796"
            },
            "require": {
                "php": "^8.2"
            },
            "require-dev": {
                "phpunit/phpunit": "^10.5"
            },
            "type": "library",
            "autoload": {
                "psr-4": {
                    "PhpModern\\Config\\": "src/"
                }
            },
            "autoload-dev": {
                "psr-4": {
                    "PhpModern\\Config\\Tests\\": "tests/"
                }
            },
            "license": [
                "MIT"
            ],
            "description": "An .env loader (Env) plus typed environment-variable getters (Config) — every DSN and setting in this project was a CLI flag or hardcoded until now.",
            "transport-options": {
                "relative": true
            }
        },
        {
            "name": "phpmodern/console",
            "version": "dev-master",
            "dist": {
                "type": "path",
                "url": "../../packages/core/console",
                "reference": "c3e87321a7aa7bd8d7e7caea8778d8215856f2ae"
            },
            "require": {
                "php": "^8.2"
            },
            "require-dev": {
                "phpunit/phpunit": "^10.5"
            },
            "type": "library",
            "autoload": {
                "psr-4": {
                    "PhpModern\\Console\\": "src/"
                }
            },
            "autoload-dev": {
                "psr-4": {
                    "PhpModern\\Console\\Tests\\": "tests/"
                }
            },
            "license": [
                "MIT"
            ],
            "description": "A real CLI framework: registered Command objects with typed argument/option parsing, --help, and a command list — what bin/console's if-chain was missing once more than two or three commands existed.",
            "transport-options": {
                "relative": true
            }
        },
        {
            "name": "phpmodern/container",
            "version": "dev-master",
            "dist": {
                "type": "path",
                "url": "../../packages/core/container",
                "reference": "5ce065f6c2a7936c9913ebedba1a66e7ce859ee6"
            },
            "require": {
                "php": "^8.2"
            },
            "require-dev": {
                "phpunit/phpunit": "^10.5"
            },
            "type": "library",
            "autoload": {
                "psr-4": {
                    "PhpModern\\Container\\": "src/"
                }
            },
            "autoload-dev": {
                "psr-4": {
                    "PhpModern\\Container\\Tests\\": "tests/"
                }
            },
            "license": [
                "MIT"
            ],
            "description": "A dependency injection container: bind an interface to an implementation, register a singleton, or let autowiring resolve a concrete class's typed constructor parameters via reflection — the missing piece behind every mature framework's \"just type-hint it in the constructor\" ergonomics.",
            "transport-options": {
                "relative": true
            }
        },
        {
            "name": "phpmodern/http",
            "version": "dev-master",
            "dist": {
                "type": "path",
                "url": "../../packages/core/http",
                "reference": "ccd773839a3f0757a758b695ee592a3b76123cba"
            },
            "require": {
                "php": "^8.2"
            },
            "require-dev": {
                "phpunit/phpunit": "^10.5"
            },
            "type": "library",
            "autoload": {
                "psr-4": {
                    "PhpModern\\Http\\": "src/"
                }
            },
            "autoload-dev": {
                "psr-4": {
                    "PhpModern\\Http\\Tests\\": "tests/"
                }
            },
            "license": [
                "MIT"
            ],
            "description": "Typed Request/Response objects plus a Middleware pipeline — usable from bridge mode (an existing script builds a Request and sends a Response) or kernel mode alike, not tied to Router.",
            "transport-options": {
                "relative": true
            }
        },
        {
            "name": "phpmodern/kernel",
            "version": "dev-master",
            "dist": {
                "type": "path",
                "url": "../../packages/framework/kernel",
                "reference": "64af4b11ba61a1e734896b17f1c38eba7291f0a1"
            },
            "require": {
                "php": "^8.2",
                "phpmodern/component-engine": "*",
                "phpmodern/config": "*",
                "phpmodern/console": "*",
                "phpmodern/container": "*",
                "phpmodern/http": "*",
                "phpmodern/orm": "*",
                "phpmodern/push-hub": "*"
            },
            "require-dev": {
                "phpunit/phpunit": "^10.5"
            },
            "bin": [
                "bin/console"
            ],
            "type": "library",
            "autoload": {
                "psr-4": {
                    "PhpModern\\Kernel\\": "src/"
                }
            },
            "autoload-dev": {
                "psr-4": {
                    "PhpModern\\Kernel\\Tests\\": "tests/"
                }
            },
            "license": [
                "MIT"
            ],
            "description": "Meta-package for greenfield projects: front controller + router on top of the same core engines used in bridge mode.",
            "transport-options": {
                "relative": true
            }
        },
        {
            "name": "phpmodern/orm",
            "version": "dev-master",
            "dist": {
                "type": "path",
                "url": "../../packages/core/orm",
                "reference": "80a28bb599d72ef88e00158ff639c7a7e91faf02"
            },
            "require": {
                "ext-pdo": "*",
                "php": "^8.2"
            },
            "require-dev": {
                "phpunit/phpunit": "^10.5"
            },
            "type": "library",
            "autoload": {
                "psr-4": {
                    "PhpModern\\Orm\\": "src/"
                }
            },
            "autoload-dev": {
                "psr-4": {
                    "PhpModern\\Orm\\Tests\\": "tests/"
                }
            },
            "license": [
                "MIT"
            ],
            "description": "Minimal typed database access (PDO wrapper + query helper) — placeholder for the Prisma/Drizzle-equivalent core.",
            "transport-options": {
                "relative": true
            }
        },
        {
            "name": "phpmodern/push-hub",
            "version": "dev-master",
            "dist": {
                "type": "path",
                "url": "../../packages/core/push-hub",
                "reference": "cf4bd816cbfe35357877e8e7c25a445ac8fb6deb"
            },
            "require": {
                "ext-json": "*",
                "php": "^8.2"
            },
            "require-dev": {
                "phpunit/phpunit": "^10.5"
            },
            "bin": [
                "bin/hub.php"
            ],
            "type": "library",
            "autoload": {
                "psr-4": {
                    "PhpModern\\PushHub\\": "src/"
                }
            },
            "autoload-dev": {
                "psr-4": {
                    "PhpModern\\PushHub\\Tests\\": "tests/"
                }
            },
            "license": [
                "MIT"
            ],
            "description": "Standalone SSE push daemon + publisher client — lets any PHP process (legacy FPM app or kernel app) push HTML updates to the browser without client-side polling.",
            "transport-options": {
                "relative": true
            }
        },
        {
            "name": "phpmodern/security",
            "version": "dev-master",
            "dist": {
                "type": "path",
                "url": "../../packages/core/security",
                "reference": "e6c76602cf8cc0f01d85dca16170b5f5666d65ba"
            },
            "require": {
                "php": "^8.2",
                "phpmodern/http": "*"
            },
            "require-dev": {
                "phpunit/phpunit": "^10.5"
            },
            "type": "library",
            "autoload": {
                "psr-4": {
                    "PhpModern\\Security\\": "src/"
                }
            },
            "autoload-dev": {
                "psr-4": {
                    "PhpModern\\Security\\Tests\\": "tests/"
                }
            },
            "license": [
                "MIT"
            ],
            "description": "CSRF protection (double-submit cookie — no session dependency) and default security headers (CSP with per-request nonces, HSTS, frame/content-type hardening). The 'secure by default' pillar promised early on and not delivered until now.",
            "transport-options": {
                "relative": true
            }
        }
    ],
    "packages-dev": [],
    "aliases": [],
    "minimum-stability": "dev",
    "stability-flags": {},
    "prefer-stable": true,
    "prefer-lowest": false,
    "platform": {
        "php": "^8.2"
    },
    "platform-dev": {},
    "plugin-api-version": "2.6.0"
}
